
Microsoft Visual Studio Solution File, Format Version 12.00
# Visual Studio 2013
VisualStudioVersion = 12.0.40629.0
MinimumVisualStudioVersion = 10.0.40219.1
Project("{FAE04EC0-301F-11D3-BF4B-00C04F79EFBC}") = "JoymonOnline.Tests", "UI.Tests\JoymonOnline.Tests.csproj", "{5C893C51-E43B-467C-9642-7A8C4D69A548}"
EndProject
Project("{FAE04EC0-301F-11D3-BF4B-00C04F79EFBC}") = "JoymonOnline", "UI\JoymonOnline.csproj", "{495BC34E-B588-423D-84D6-09B671B59CA6}"
EndProject
Project("{FAE04EC0-301F-11D3-BF4B-00C04F79EFBC}") = "JoymonOnline.IntegrationTests", "JoymonOnline.Integration.Tests\JoymonOnline.IntegrationTests.csproj", "{DB01A278-225D-4DB5-9B2D-774248100ECE}"
EndProject
Global
	GlobalSection(TeamFoundationVersionControl) = preSolution
		SccNumberOfProjects = 4
		SccEnterpriseProvider = {4CA58AB2-18FA-4F8D-95D4-32DDF27D184C}
		SccTeamFoundationServer = https://joymon.visualstudio.com/defaultcollection
		SccLocalPath0 = .
		SccProjectUniqueName1 = UI\\joymononline.csproj
		SccProjectName1 = UI
		SccLocalPath1 = UI
		SccProjectUniqueName2 = UI.Tests\\JoymonOnline.Tests.csproj
		SccProjectName2 = UI.Tests
		SccLocalPath2 = UI.Tests
		SccProjectUniqueName3 = JoymonOnline.Integration.Tests\\JoymonOnline.IntegrationTests.csproj
		SccProjectName3 = JoymonOnline.Integration.Tests
		SccLocalPath3 = JoymonOnline.Integration.Tests
	EndGlobalSection
	GlobalSection(SolutionConfigurationPlatforms) = preSolution
		Debug|Any CPU = Debug|Any CPU
		Release|Any CPU = Release|Any CPU
	EndGlobalSection
	GlobalSection(ProjectConfigurationPlatforms) = postSolution
		{5C893C51-E43B-467C-9642-7A8C4D69A548}.Debug|Any CPU.ActiveCfg = Debug|Any CPU
		{5C893C51-E43B-467C-9642-7A8C4D69A548}.Debug|Any CPU.Build.0 = Debug|Any CPU
		{5C893C51-E43B-467C-9642-7A8C4D69A548}.Release|Any CPU.ActiveCfg = Release|Any CPU
		{5C893C51-E43B-467C-9642-7A8C4D69A548}.Release|Any CPU.Build.0 = Release|Any CPU
		{495BC34E-B588-423D-84D6-09B671B59CA6}.Debug|Any CPU.ActiveCfg = Debug|Any CPU
		{495BC34E-B588-423D-84D6-09B671B59CA6}.Debug|Any CPU.Build.0 = Debug|Any CPU
		{495BC34E-B588-423D-84D6-09B671B59CA6}.Release|Any CPU.ActiveCfg = Release|Any CPU
		{495BC34E-B588-423D-84D6-09B671B59CA6}.Release|Any CPU.Build.0 = Release|Any CPU
		{DB01A278-225D-4DB5-9B2D-774248100ECE}.Debug|Any CPU.ActiveCfg = Debug|Any CPU
		{DB01A278-225D-4DB5-9B2D-774248100ECE}.Debug|Any CPU.Build.0 = Debug|Any CPU
		{DB01A278-225D-4DB5-9B2D-774248100ECE}.Release|Any CPU.ActiveCfg = Release|Any CPU
		{DB01A278-225D-4DB5-9B2D-774248100ECE}.Release|Any CPU.Build.0 = Release|Any CPU
	EndGlobalSection
	GlobalSection(SolutionProperties) = preSolution
		HideSolutionNode = FALSE
	EndGlobalSection
EndGlobal
